# Every ID ever issued. Append-only: never delete a line, never reuse an ID.
foc-q0001
foc-q0002
foc-q0003
foc-q0004
foc-q0005
foc-q0006
foc-q0007
foc-q0008
foc-q0009
foc-q0010
foc-q0011
foc-q0012
foc-q0013
foc-q0014
foc-q0015
foc-q0016
foc-q0017
foc-q0018
foc-q0019
foc-q0020
foc-q0021
foc-q0022
foc-q0023
foc-q0024
foc-q0025
foc-q0026
foc-q0027
foc-q0028
foc-q0029
foc-q0030
foc-q0031
foc-q0032
foc-q0033
foc-q0034
foc-q0035
foc-q0036
foc-q0037
foc-q0038
foc-q0039
foc-q0040
foc-q0041
foc-q0042
foc-q0043
foc-q0044
foc-q0045
foc-q0046
foc-q0047
foc-q0048
foc-q0049
foc-q0050
foc-q0051
foc-q0052
foc-q0053
foc-q0054
foc-q0055
foc-q0056
foc-q0057
foc-q0058
foc-q0059
foc-q0060
foc-q0061
foc-q0062
foc-q0063
foc-q0064
foc-q0065
foc-q0066
foc-q0067
foc-q0068
foc-q0069
foc-q0070
foc-q0071
foc-q0072
foc-q0073
foc-q0074
foc-q0075
foc-q0076
foc-q0077
foc-q0078
foc-q0079
foc-q0080
foc-q0081
foc-q0082
foc-q0083
foc-q0084
foc-q0085
foc-q0086
foc-q0087
foc-q0088
foc-q0089
foc-q0090
foc-q0091
foc-q0092
foc-q0093
foc-q0094
foc-q0095
foc-q0096
foc-q0097
foc-q0098
foc-q0099
foc-q0100
foc-q0101
foc-q0102
foc-q0103
foc-q0104
foc-q0105
foc-q0106
foc-q0107
foc-q0108
foc-q0109
foc-q0110
foc-q0111
foc-q0112
foc-q0113
foc-q0114
foc-q0115
foc-q0116
foc-q0117
foc-q0118
foc-q0119
foc-t0001
foc-t0002
foc-t0003
foc-t0004
foc-t0005
foc-t0006
foc-t0007
foc-t0008
foc-t0009
foc-t0010
foc-t0011
foc-t0012
foc-t0013
foc-t0014
foc-t0015
foc-t0016
foc-t0017
foc-t0018
foc-d0001
foc-d0002
foc-d0003
foc-d0004
foc-d0005
foc-d0006
foc-d0007
foc-d0008
foc-d0009
foc-d0010
foc-d0011
foc-d0012
foc-d0013
foc-d0014
foc-d0015
foc-d0016
ebh-q0001
ebh-q0002
ebh-q0003
ebh-q0004
ebh-q0005
ebh-q0006
ebh-q0007
ebh-q0008
ebh-q0009
ebh-q0010
ebh-q0011
ebh-q0012
ebh-q0013
ebh-q0014
ebh-q0015
ebh-q0016
ebh-q0017
ebh-q0018
ebh-q0019
ebh-q0020
ebh-q0021
ebh-q0022
ebh-q0023
ebh-q0024
ebh-q0025
ebh-q0026
ebh-q0027
ebh-q0028
ebh-q0029
ebh-q0030
ebh-q0031
ebh-q0032
ebh-q0033
ebh-q0034
ebh-q0035
ebh-q0036
ebh-q0037
ebh-q0038
ebh-q0039
ebh-q0040
ebh-q0041
ebh-q0042
ebh-q0043
ebh-q0044
ebh-q0045
ebh-q0046
ebh-q0047
ebh-q0048
ebh-q0049
ebh-q0050
ebh-q0051
ebh-q0052
ebh-q0053
ebh-q0054
ebh-q0055
ebh-q0056
ebh-q0057
ebh-q0058
ebh-q0059
ebh-q0060
ebh-q0061
ebh-q0062
ebh-q0063
ebh-q0064
ebh-q0065
ebh-q0066
ebh-q0067
ebh-q0068
ebh-q0069
ebh-q0070
ebh-q0071
ebh-q0072
ebh-q0073
ebh-q0074
ebh-q0075
ebh-q0076
ebh-q0077
ebh-q0078
ebh-q0079
ebh-q0080
ebh-q0081
ebh-q0082
ebh-q0083
ebh-q0084
ebh-q0085
ebh-q0086
ebh-q0087
ebh-q0088
ebh-q0089
ebh-q0090
ebh-q0091
ebh-q0092
ebh-q0093
ebh-q0094
ebh-q0095
ebh-q0096
ebh-q0097
ebh-q0098
ebh-q0099
ebh-q0100
ebh-q0101
ebh-q0102
ebh-q0103
ebh-q0104
ebh-q0105
ebh-q0106
ebh-q0107
ebh-q0108
ebh-q0109
ebh-q0110
ebh-q0111
ebh-q0112
ebh-q0113
ebh-q0114
ebh-q0115
ebh-q0116
ebh-q0117
ebh-q0118
ebh-q0119
ebh-q0120
ebh-q0121
ebh-q0122
ebh-q0123
ebh-q0124
ebh-q0125
ebh-q0126
ebh-q0127
ebh-q0128
ebh-q0129
ebh-q0130
ebh-t0001
ebh-t0002
ebh-t0003
ebh-t0004
ebh-t0005
ebh-t0006
ebh-t0007
ebh-t0008
ebh-t0009
ebh-t0010
ebh-t0011
ebh-t0012
ebh-t0013
ebh-t0014
ebh-t0015
ebh-t0016
ebh-t0017
ebh-t0018
ebh-t0019
ebh-t0020
ebh-t0021
ebh-t0022
ebh-d0001
ebh-d0002
ebh-d0003
ebh-d0004
ebh-d0005
ebh-d0006
ebh-d0007
ebh-d0008
ebh-d0009
ebh-d0010
ebh-d0011
ebh-d0012
ebh-d0013
ebh-d0014
ebh-d0015
ebh-d0016
ebh-d0017
ebh-d0018
ebh-d0019
ebh-d0020
atb-q0001
atb-q0002
atb-q0003
atb-q0004
atb-q0005
atb-q0006
atb-q0007
atb-q0008
atb-q0009
atb-q0010
atb-q0011
atb-q0012
atb-q0013
atb-q0014
atb-q0015
atb-q0016
atb-q0017
atb-q0018
atb-q0019
atb-q0020
atb-q0021
atb-q0022
atb-q0023
atb-q0024
atb-q0025
atb-q0026
atb-q0027
atb-q0028
atb-q0029
atb-q0030
atb-q0031
atb-q0032
atb-q0033
atb-q0034
atb-q0035
atb-q0036
atb-q0037
atb-q0038
atb-q0039
atb-q0040
atb-q0041
atb-q0042
atb-q0043
atb-q0044
atb-q0045
atb-q0046
atb-q0047
atb-q0048
atb-q0049
atb-q0050
atb-q0051
atb-q0052
atb-q0053
atb-q0054
atb-q0055
atb-q0056
atb-q0057
atb-q0058
atb-q0059
atb-q0060
atb-q0061
atb-q0062
atb-q0063
atb-q0064
atb-q0065
atb-q0066
atb-q0067
atb-q0068
atb-q0069
atb-q0070
atb-q0071
atb-q0072
atb-q0073
atb-q0074
atb-t0001
atb-t0002
atb-t0003
atb-t0004
atb-t0005
atb-t0006
atb-t0007
atb-t0008
atb-t0009
atb-t0010
atb-t0011
atb-t0012
atb-t0013
atb-t0014
atb-t0015
atb-t0016
atb-t0017
atb-t0018
atb-t0019
atb-t0020
atb-t0021
atb-t0022
atb-d0001
atb-d0002
atb-d0003
atb-d0004
atb-d0005
atb-d0006
atb-d0007
atb-d0008
atb-d0009
fa-q0001
fa-q0002
fa-q0003
fa-q0004
fa-q0005
fa-q0006
fa-q0007
fa-q0008
fa-q0009
fa-q0010
fa-q0011
fa-q0012
fa-q0013
fa-q0014
fa-q0015
fa-q0016
fa-q0017
fa-q0018
fa-q0019
fa-q0020
fa-q0021
fa-q0022
fa-q0023
fa-q0024
fa-q0025
fa-q0026
fa-q0027
fa-q0028
fa-q0029
fa-q0030
fa-q0031
fa-q0032
fa-q0033
fa-q0034
fa-q0035
fa-q0036
fa-q0037
fa-q0038
fa-q0039
fa-q0040
fa-q0041
fa-q0042
fa-q0043
fa-q0044
fa-q0045
fa-q0046
fa-q0047
fa-q0048
fa-q0049
fa-q0050
fa-q0051
fa-q0052
fa-q0053
fa-q0054
fa-q0055
fa-q0056
fa-q0057
fa-q0058
fa-q0059
fa-q0060
fa-q0061
fa-q0062
fa-q0063
fa-q0064
fa-q0065
fa-q0066
fa-q0067
fa-q0068
fa-q0069
fa-q0070
fa-q0071
fa-q0072
fa-q0073
fa-q0074
fa-q0075
fa-q0076
fa-q0077
fa-q0078
fa-q0079
fa-q0080
fa-q0081
fa-t0001
fa-t0002
fa-t0003
fa-t0004
fa-t0005
fa-t0006
fa-t0007
fa-t0008
fa-t0009
fa-t0010
fa-t0011
fa-t0012
fa-t0013
fa-t0014
fa-t0015
fa-t0016
fa-t0017
fa-t0018
fa-t0019
fa-t0020
fa-t0021
fa-t0022
fa-t0023
fa-d0001
fa-d0002
fa-d0003
fa-d0004
fa-d0005
fa-d0006
fa-d0007
fa-d0008
fa-d0009
fa-d0010
fa-d0011
fa-d0012
fa-d0013
fa-d0014
fa-d0015
sfm-q0001
sfm-q0002
sfm-q0003
sfm-q0004
sfm-q0005
sfm-q0006
sfm-q0007
sfm-q0008
sfm-q0009
sfm-q0010
sfm-q0011
sfm-q0012
sfm-q0013
sfm-q0014
sfm-q0015
sfm-q0016
sfm-q0017
sfm-q0018
sfm-q0019
sfm-q0020
sfm-q0021
sfm-q0022
sfm-q0023
sfm-q0024
sfm-q0025
sfm-q0026
sfm-q0027
sfm-q0028
sfm-q0029
sfm-q0030
sfm-q0031
sfm-q0032
sfm-q0033
sfm-q0034
sfm-q0035
sfm-q0036
sfm-q0037
sfm-q0038
sfm-q0039
sfm-q0040
sfm-q0041
sfm-q0042
sfm-q0043
sfm-q0044
sfm-q0045
sfm-q0046
sfm-q0047
sfm-q0048
sfm-q0049
sfm-q0050
sfm-q0051
sfm-q0052
sfm-q0053
sfm-q0054
sfm-q0055
sfm-q0056
sfm-q0057
sfm-q0058
sfm-q0059
sfm-q0060
sfm-q0061
sfm-q0062
sfm-q0063
sfm-q0064
sfm-q0065
sfm-q0066
sfm-q0067
sfm-q0068
sfm-q0069
sfm-q0070
sfm-q0071
sfm-q0072
sfm-q0073
sfm-q0074
sfm-q0075
sfm-q0076
sfm-q0077
sfm-q0078
sfm-q0079
sfm-q0080
sfm-q0081
sfm-q0082
sfm-q0083
sfm-q0084
sfm-q0085
sfm-q0086
sfm-q0087
sfm-t0001
sfm-t0002
sfm-t0003
sfm-t0004
sfm-t0005
sfm-t0006
sfm-t0007
sfm-t0008
sfm-t0009
sfm-t0010
sfm-t0011
sfm-t0012
sfm-t0013
sfm-t0014
sfm-t0015
sfm-t0016
sfm-t0017
sfm-t0018
sfm-t0019
sfm-t0020
sfm-t0021
sfm-t0022
sfm-t0023
sfm-d0001
sfm-d0002
sfm-d0003
sfm-d0004
sfm-d0005
sfm-d0006
sfm-d0007
sfm-d0008
sfm-d0009
pom-q0001
pom-q0002
pom-q0003
pom-q0004
pom-q0005
pom-q0006
pom-q0007
pom-q0008
pom-q0009
pom-q0010
pom-q0011
pom-q0012
pom-q0013
pom-q0014
pom-q0015
pom-q0016
pom-q0017
pom-q0018
pom-q0019
pom-q0020
pom-q0021
pom-q0022
pom-q0023
pom-q0024
pom-q0025
pom-q0026
pom-q0027
pom-q0028
pom-q0029
pom-q0030
pom-q0031
pom-q0032
pom-q0033
pom-q0034
pom-q0035
pom-q0036
pom-q0037
pom-q0038
pom-q0039
pom-q0040
pom-q0041
pom-q0042
pom-q0043
pom-q0044
pom-q0045
pom-q0046
pom-q0047
pom-q0048
pom-q0049
pom-q0050
pom-q0051
pom-q0052
pom-q0053
pom-q0054
pom-q0055
pom-q0056
pom-q0057
pom-q0058
pom-q0059
pom-q0060
pom-q0061
pom-q0062
pom-q0063
pom-q0064
pom-q0065
pom-q0066
pom-q0067
pom-q0068
pom-q0069
pom-q0070
pom-q0071
pom-q0072
pom-q0073
pom-q0074
pom-q0075
pom-q0076
pom-q0077
pom-q0078
pom-q0079
pom-t0001
pom-t0002
pom-t0003
pom-t0004
pom-t0005
pom-t0006
pom-t0007
pom-t0008
pom-t0009
pom-t0010
pom-t0011
pom-t0012
pom-t0013
pom-t0014
pom-t0015
pom-t0016
pom-t0017
pom-t0018
pom-t0019
pom-t0020
pom-t0021
pom-t0022
pom-t0023
pom-d0001
pom-d0002
pom-d0003
pom-d0004
pom-d0005
pom-d0006
pom-d0007
pom-d0008
pom-d0009
pom-d0010
pom-d0011
pom-d0012
pom-d0013
pom-d0014
