# Every ID ever issued. Append-only: never delete a line, never reuse an ID.
foc-q0001
foc-q0002
foc-q0003
foc-q0004
foc-q0005
foc-q0006
foc-q0007
foc-q0008
foc-q0009
foc-q0010
foc-q0011
foc-q0012
foc-q0013
foc-q0014
foc-q0015
foc-q0016
foc-q0017
foc-q0018
foc-q0019
foc-q0020
foc-q0021
foc-q0022
foc-q0023
foc-q0024
foc-q0025
foc-q0026
foc-q0027
foc-q0028
foc-q0029
foc-q0030
foc-q0031
foc-q0032
foc-q0033
foc-q0034
foc-q0035
foc-q0036
foc-q0037
foc-q0038
foc-q0039
foc-q0040
foc-q0041
foc-q0042
foc-q0043
foc-q0044
foc-q0045
foc-q0046
foc-q0047
foc-q0048
foc-q0049
foc-q0050
foc-q0051
foc-q0052
foc-q0053
foc-q0054
foc-q0055
foc-q0056
foc-q0057
foc-q0058
foc-q0059
foc-q0060
foc-q0061
foc-q0062
foc-q0063
foc-q0064
foc-q0065
foc-q0066
foc-q0067
foc-q0068
foc-q0069
foc-q0070
foc-q0071
foc-q0072
foc-q0073
foc-q0074
foc-q0075
foc-q0076
foc-q0077
foc-q0078
foc-q0079
foc-q0080
foc-q0081
foc-q0082
foc-q0083
foc-q0084
foc-q0085
foc-q0086
foc-q0087
foc-q0088
foc-q0089
foc-q0090
foc-q0091
foc-q0092
foc-q0093
foc-q0094
foc-q0095
foc-q0096
foc-q0097
foc-q0098
foc-q0099
foc-q0100
foc-q0101
foc-q0102
foc-q0103
foc-q0104
foc-q0105
foc-q0106
foc-q0107
foc-q0108
foc-q0109
foc-q0110
foc-q0111
foc-q0112
foc-q0113
foc-q0114
foc-q0115
foc-q0116
foc-q0117
foc-q0118
foc-q0119
foc-t0001
foc-t0002
foc-t0003
foc-t0004
foc-t0005
foc-t0006
foc-t0007
foc-t0008
foc-t0009
foc-t0010
foc-t0011
foc-t0012
foc-t0013
foc-t0014
foc-t0015
foc-t0016
foc-t0017
foc-t0018
foc-d0001
foc-d0002
foc-d0003
foc-d0004
foc-d0005
foc-d0006
foc-d0007
foc-d0008
foc-d0009
foc-d0010
foc-d0011
foc-d0012
foc-d0013
foc-d0014
foc-d0015
foc-d0016
ebh-q0001
ebh-q0002
ebh-q0003
ebh-q0004
ebh-q0005
ebh-q0006
ebh-q0007
ebh-q0008
ebh-q0009
ebh-q0010
ebh-q0011
ebh-q0012
ebh-q0013
ebh-q0014
ebh-q0015
ebh-q0016
ebh-q0017
ebh-q0018
ebh-q0019
ebh-q0020
ebh-q0021
ebh-q0022
ebh-q0023
ebh-q0024
ebh-q0025
ebh-q0026
ebh-q0027
ebh-q0028
ebh-q0029
ebh-q0030
ebh-q0031
ebh-q0032
ebh-q0033
ebh-q0034
ebh-q0035
ebh-q0036
ebh-q0037
ebh-q0038
ebh-q0039
ebh-q0040
ebh-q0041
ebh-q0042
ebh-q0043
ebh-q0044
ebh-q0045
ebh-q0046
ebh-q0047
ebh-q0048
ebh-q0049
ebh-q0050
ebh-q0051
ebh-q0052
ebh-q0053
ebh-q0054
ebh-q0055
ebh-q0056
ebh-q0057
ebh-q0058
ebh-q0059
ebh-q0060
ebh-q0061
ebh-q0062
ebh-q0063
ebh-q0064
ebh-q0065
ebh-q0066
ebh-q0067
ebh-q0068
ebh-q0069
ebh-q0070
ebh-q0071
ebh-q0072
ebh-q0073
ebh-q0074
ebh-q0075
ebh-q0076
ebh-q0077
ebh-q0078
ebh-q0079
ebh-q0080
ebh-q0081
ebh-q0082
ebh-q0083
ebh-q0084
ebh-q0085
ebh-q0086
ebh-q0087
ebh-q0088
ebh-q0089
ebh-q0090
ebh-q0091
ebh-q0092
ebh-q0093
ebh-q0094
ebh-q0095
ebh-q0096
ebh-q0097
ebh-q0098
ebh-q0099
ebh-q0100
ebh-q0101
ebh-q0102
ebh-q0103
ebh-q0104
ebh-q0105
ebh-q0106
ebh-q0107
ebh-q0108
ebh-q0109
ebh-q0110
ebh-q0111
ebh-q0112
ebh-q0113
ebh-q0114
ebh-q0115
ebh-q0116
ebh-q0117
ebh-q0118
ebh-q0119
ebh-q0120
ebh-q0121
ebh-q0122
ebh-q0123
ebh-q0124
ebh-q0125
ebh-q0126
ebh-q0127
ebh-q0128
ebh-q0129
ebh-q0130
ebh-t0001
ebh-t0002
ebh-t0003
ebh-t0004
ebh-t0005
ebh-t0006
ebh-t0007
ebh-t0008
ebh-t0009
ebh-t0010
ebh-t0011
ebh-t0012
ebh-t0013
ebh-t0014
ebh-t0015
ebh-t0016
ebh-t0017
ebh-t0018
ebh-t0019
ebh-t0020
ebh-t0021
ebh-t0022
ebh-d0001
ebh-d0002
ebh-d0003
ebh-d0004
ebh-d0005
ebh-d0006
ebh-d0007
ebh-d0008
ebh-d0009
ebh-d0010
ebh-d0011
ebh-d0012
ebh-d0013
ebh-d0014
ebh-d0015
ebh-d0016
ebh-d0017
ebh-d0018
ebh-d0019
ebh-d0020
atb-q0001
atb-q0002
atb-q0003
atb-q0004
atb-q0005
atb-q0006
atb-q0007
atb-q0008
atb-q0009
atb-q0010
atb-q0011
atb-q0012
atb-q0013
atb-q0014
atb-q0015
atb-q0016
atb-q0017
atb-q0018
atb-q0019
atb-q0020
atb-q0021
atb-q0022
atb-q0023
atb-q0024
atb-q0025
atb-q0026
atb-q0027
atb-q0028
atb-q0029
atb-q0030
atb-q0031
atb-q0032
atb-q0033
atb-q0034
atb-q0035
atb-q0036
atb-q0037
atb-q0038
atb-q0039
atb-q0040
atb-q0041
atb-q0042
atb-q0043
atb-q0044
atb-q0045
atb-q0046
atb-q0047
atb-q0048
atb-q0049
atb-q0050
atb-q0051
atb-q0052
atb-q0053
atb-q0054
atb-q0055
atb-q0056
atb-q0057
atb-q0058
atb-q0059
atb-q0060
atb-q0061
atb-q0062
atb-q0063
atb-q0064
atb-q0065
atb-q0066
atb-q0067
atb-q0068
atb-q0069
atb-q0070
atb-q0071
atb-q0072
atb-q0073
atb-q0074
atb-t0001
atb-t0002
atb-t0003
atb-t0004
atb-t0005
atb-t0006
atb-t0007
atb-t0008
atb-t0009
atb-t0010
atb-t0011
atb-t0012
atb-t0013
atb-t0014
atb-t0015
atb-t0016
atb-t0017
atb-t0018
atb-t0019
atb-t0020
atb-t0021
atb-t0022
atb-d0001
atb-d0002
atb-d0003
atb-d0004
atb-d0005
atb-d0006
atb-d0007
atb-d0008
atb-d0009
fa-q0001
fa-q0002
fa-q0003
fa-q0004
fa-q0005
fa-q0006
fa-q0007
fa-q0008
fa-q0009
fa-q0010
fa-q0011
fa-q0012
fa-q0013
fa-q0014
fa-q0015
fa-q0016
fa-q0017
fa-q0018
fa-q0019
fa-q0020
fa-q0021
fa-q0022
fa-q0023
fa-q0024
fa-q0025
fa-q0026
fa-q0027
fa-q0028
fa-q0029
fa-q0030
fa-q0031
fa-q0032
fa-q0033
fa-q0034
fa-q0035
fa-q0036
fa-q0037
fa-q0038
fa-q0039
fa-q0040
fa-q0041
fa-q0042
fa-q0043
fa-q0044
fa-q0045
fa-q0046
fa-q0047
fa-q0048
fa-q0049
fa-q0050
fa-q0051
fa-q0052
fa-q0053
fa-q0054
fa-q0055
fa-q0056
fa-q0057
fa-q0058
fa-q0059
fa-q0060
fa-q0061
fa-q0062
fa-q0063
fa-q0064
fa-q0065
fa-q0066
fa-q0067
fa-q0068
fa-q0069
fa-q0070
fa-q0071
fa-q0072
fa-q0073
fa-q0074
fa-q0075
fa-q0076
fa-q0077
fa-q0078
fa-q0079
fa-q0080
fa-q0081
fa-t0001
fa-t0002
fa-t0003
fa-t0004
fa-t0005
fa-t0006
fa-t0007
fa-t0008
fa-t0009
fa-t0010
fa-t0011
fa-t0012
fa-t0013
fa-t0014
fa-t0015
fa-t0016
fa-t0017
fa-t0018
fa-t0019
fa-t0020
fa-t0021
fa-t0022
fa-t0023
fa-d0001
fa-d0002
fa-d0003
fa-d0004
fa-d0005
fa-d0006
fa-d0007
fa-d0008
fa-d0009
fa-d0010
fa-d0011
fa-d0012
fa-d0013
fa-d0014
fa-d0015
sfm-q0001
sfm-q0002
sfm-q0003
sfm-q0004
sfm-q0005
sfm-q0006
sfm-q0007
sfm-q0008
sfm-q0009
sfm-q0010
sfm-q0011
sfm-q0012
sfm-q0013
sfm-q0014
sfm-q0015
sfm-q0016
sfm-q0017
sfm-q0018
sfm-q0019
sfm-q0020
sfm-q0021
sfm-q0022
sfm-q0023
sfm-q0024
sfm-q0025
sfm-q0026
sfm-q0027
sfm-q0028
sfm-q0029
sfm-q0030
sfm-q0031
sfm-q0032
sfm-q0033
sfm-q0034
sfm-q0035
sfm-q0036
sfm-q0037
sfm-q0038
sfm-q0039
sfm-q0040
sfm-q0041
sfm-q0042
sfm-q0043
sfm-q0044
sfm-q0045
sfm-q0046
sfm-q0047
sfm-q0048
sfm-q0049
sfm-q0050
sfm-q0051
sfm-q0052
sfm-q0053
sfm-q0054
sfm-q0055
sfm-q0056
sfm-q0057
sfm-q0058
sfm-q0059
sfm-q0060
sfm-q0061
sfm-q0062
sfm-q0063
sfm-q0064
sfm-q0065
sfm-q0066
sfm-q0067
sfm-q0068
sfm-q0069
sfm-q0070
sfm-q0071
sfm-q0072
sfm-q0073
sfm-q0074
sfm-q0075
sfm-q0076
sfm-q0077
sfm-q0078
sfm-q0079
sfm-q0080
sfm-q0081
sfm-q0082
sfm-q0083
sfm-q0084
sfm-q0085
sfm-q0086
sfm-q0087
sfm-t0001
sfm-t0002
sfm-t0003
sfm-t0004
sfm-t0005
sfm-t0006
sfm-t0007
sfm-t0008
sfm-t0009
sfm-t0010
sfm-t0011
sfm-t0012
sfm-t0013
sfm-t0014
sfm-t0015
sfm-t0016
sfm-t0017
sfm-t0018
sfm-t0019
sfm-t0020
sfm-t0021
sfm-t0022
sfm-t0023
sfm-d0001
sfm-d0002
sfm-d0003
sfm-d0004
sfm-d0005
sfm-d0006
sfm-d0007
sfm-d0008
sfm-d0009
pom-q0001
pom-q0002
pom-q0003
pom-q0004
pom-q0005
pom-q0006
pom-q0007
pom-q0008
pom-q0009
pom-q0010
pom-q0011
pom-q0012
pom-q0013
pom-q0014
pom-q0015
pom-q0016
pom-q0017
pom-q0018
pom-q0019
pom-q0020
pom-q0021
pom-q0022
pom-q0023
pom-q0024
pom-q0025
pom-q0026
pom-q0027
pom-q0028
pom-q0029
pom-q0030
pom-q0031
pom-q0032
pom-q0033
pom-q0034
pom-q0035
pom-q0036
pom-q0037
pom-q0038
pom-q0039
pom-q0040
pom-q0041
pom-q0042
pom-q0043
pom-q0044
pom-q0045
pom-q0046
pom-q0047
pom-q0048
pom-q0049
pom-q0050
pom-q0051
pom-q0052
pom-q0053
pom-q0054
pom-q0055
pom-q0056
pom-q0057
pom-q0058
pom-q0059
pom-q0060
pom-q0061
pom-q0062
pom-q0063
pom-q0064
pom-q0065
pom-q0066
pom-q0067
pom-q0068
pom-q0069
pom-q0070
pom-q0071
pom-q0072
pom-q0073
pom-q0074
pom-q0075
pom-q0076
pom-q0077
pom-q0078
pom-q0079
pom-t0001
pom-t0002
pom-t0003
pom-t0004
pom-t0005
pom-t0006
pom-t0007
pom-t0008
pom-t0009
pom-t0010
pom-t0011
pom-t0012
pom-t0013
pom-t0014
pom-t0015
pom-t0016
pom-t0017
pom-t0018
pom-t0019
pom-t0020
pom-t0021
pom-t0022
pom-t0023
pom-d0001
pom-d0002
pom-d0003
pom-d0004
pom-d0005
pom-d0006
pom-d0007
pom-d0008
pom-d0009
pom-d0010
pom-d0011
pom-d0012
pom-d0013
pom-d0014
foc-q0120
foc-q0121
foc-q0122
foc-q0123
foc-q0124
foc-q0125
foc-q0126
foc-q0127
foc-q0128
foc-q0129
foc-q0130
foc-q0131
foc-q0132
foc-q0133
foc-q0134
foc-q0135
foc-q0136
foc-q0137
foc-q0138
foc-q0139
foc-q0140
foc-q0141
foc-q0142
foc-q0143
foc-q0144
foc-q0145
foc-q0146
foc-q0147
foc-q0148
foc-q0149
foc-q0150
foc-q0151
foc-q0152
foc-q0153
foc-q0154
foc-q0155
foc-q0156
foc-q0157
foc-q0158
foc-q0159
foc-q0160
foc-q0161
foc-q0162
foc-q0163
foc-q0164
foc-q0165
foc-q0166
foc-q0167
foc-q0168
foc-q0169
foc-q0170
foc-q0171
foc-q0172
foc-q0173
foc-q0174
foc-q0175
foc-q0176
foc-q0177
foc-q0178
foc-q0179
foc-q0180
foc-q0181
foc-q0182
foc-q0183
foc-q0184
foc-q0185
foc-q0186
foc-q0187
foc-q0188
foc-q0189
foc-q0190
foc-q0191
foc-q0192
foc-q0193
foc-q0194
foc-q0195
foc-q0196
foc-q0197
foc-q0198
foc-q0199
foc-q0200
foc-q0201
foc-q0202
foc-q0203
foc-q0204
foc-q0205
foc-q0206
foc-q0207
foc-q0208
foc-q0209
foc-q0210
foc-q0211
foc-q0212
foc-q0213
foc-q0214
foc-q0215
foc-q0216
foc-q0217
foc-q0218
foc-q0219
foc-t0019
foc-t0020
foc-t0021
foc-t0022
foc-t0023
foc-t0024
foc-t0025
foc-t0026
foc-t0027
foc-t0028
foc-t0029
foc-t0030
foc-t0031
foc-t0032
foc-t0033
foc-t0034
foc-t0035
foc-t0036
foc-t0037
foc-t0038
foc-t0039
foc-t0040
foc-t0041
foc-t0042
foc-t0043
foc-t0044
foc-t0045
foc-t0046
foc-t0047
foc-t0048
foc-d0017
foc-d0018
foc-d0019
foc-d0020
foc-d0021
foc-d0022
foc-d0023
foc-d0024
foc-d0025
foc-d0026
foc-d0027
foc-d0028
foc-d0029
foc-d0030
foc-d0031
foc-d0032
foc-d0033
foc-d0034
foc-d0035
foc-d0036
foc-d0037
foc-d0038
foc-d0039
foc-d0040
foc-d0041
foc-d0042
foc-d0043
foc-d0044
foc-d0045
foc-d0046
foc-d0047
foc-d0048
foc-d0049
foc-d0050
foc-d0051
foc-d0052
foc-d0053
foc-d0054
foc-d0055
ebh-q0131
ebh-q0132
ebh-q0133
ebh-q0134
ebh-q0135
ebh-q0136
ebh-q0137
ebh-q0138
ebh-q0139
ebh-q0140
ebh-q0141
ebh-q0142
ebh-q0143
ebh-q0144
ebh-q0145
ebh-q0146
ebh-q0147
ebh-q0148
ebh-q0149
ebh-q0150
ebh-q0151
ebh-q0152
ebh-q0153
ebh-q0154
ebh-q0155
ebh-q0156
ebh-q0157
ebh-q0158
ebh-q0159
ebh-q0160
ebh-q0161
ebh-q0162
ebh-q0163
ebh-q0164
ebh-q0165
ebh-q0166
ebh-q0167
ebh-q0168
ebh-q0169
ebh-q0170
ebh-q0171
ebh-q0172
ebh-q0173
ebh-q0174
ebh-q0175
ebh-q0176
ebh-q0177
ebh-q0178
ebh-q0179
ebh-q0180
ebh-q0181
ebh-q0182
ebh-q0183
ebh-q0184
ebh-q0185
ebh-q0186
ebh-q0187
ebh-q0188
ebh-q0189
ebh-q0190
ebh-q0191
ebh-q0192
ebh-q0193
ebh-q0194
ebh-q0195
ebh-q0196
ebh-q0197
ebh-q0198
ebh-q0199
ebh-q0200
ebh-q0201
ebh-q0202
ebh-q0203
ebh-q0204
ebh-q0205
ebh-q0206
ebh-q0207
ebh-q0208
ebh-q0209
ebh-q0210
ebh-q0211
ebh-q0212
ebh-q0213
ebh-q0214
ebh-q0215
ebh-q0216
ebh-q0217
ebh-q0218
ebh-q0219
ebh-q0220
ebh-q0221
ebh-q0222
ebh-q0223
ebh-q0224
ebh-q0225
ebh-q0226
ebh-q0227
ebh-q0228
ebh-q0229
ebh-q0230
ebh-q0231
ebh-q0232
ebh-q0233
ebh-q0234
ebh-t0023
ebh-t0024
ebh-t0025
ebh-t0026
ebh-t0027
ebh-t0028
ebh-t0029
ebh-t0030
ebh-t0031
ebh-t0032
ebh-t0033
ebh-t0034
ebh-t0035
ebh-t0036
ebh-t0037
ebh-t0038
ebh-t0039
ebh-t0040
ebh-t0041
ebh-t0042
ebh-t0043
ebh-t0044
ebh-t0045
ebh-t0046
ebh-t0047
ebh-t0048
ebh-t0049
ebh-t0050
ebh-t0051
ebh-t0052
ebh-d0021
ebh-d0022
ebh-d0023
ebh-d0024
ebh-d0025
ebh-d0026
ebh-d0027
ebh-d0028
ebh-d0029
ebh-d0030
ebh-d0031
ebh-d0032
ebh-d0033
ebh-d0034
ebh-d0035
ebh-d0036
ebh-d0037
ebh-d0038
ebh-d0039
ebh-d0040
ebh-d0041
ebh-d0042
ebh-d0043
ebh-d0044
ebh-d0045
ebh-d0046
ebh-d0047
ebh-d0048
ebh-d0049
ebh-d0050
ebh-d0051
ebh-d0052
ebh-d0053
ebh-d0054
ebh-d0055
ebh-d0056
ebh-d0057
ebh-d0058
atb-q0075
atb-q0076
atb-q0077
atb-q0078
atb-q0079
atb-q0080
atb-q0081
atb-q0082
atb-q0083
atb-q0084
atb-q0085
atb-q0086
atb-q0087
atb-q0088
atb-q0089
atb-q0090
atb-q0091
atb-q0092
atb-q0093
atb-q0094
atb-q0095
atb-q0096
atb-q0097
atb-q0098
atb-q0099
atb-q0100
atb-q0101
atb-q0102
atb-q0103
atb-q0104
atb-q0105
atb-q0106
atb-q0107
atb-q0108
atb-q0109
atb-q0110
atb-q0111
atb-q0112
atb-q0113
atb-q0114
atb-q0115
atb-q0116
atb-q0117
atb-q0118
atb-q0119
atb-q0120
atb-q0121
atb-q0122
atb-q0123
atb-q0124
atb-q0125
atb-q0126
atb-q0127
atb-q0128
atb-q0129
atb-q0130
atb-q0131
atb-q0132
atb-q0133
atb-q0134
atb-q0135
atb-q0136
atb-q0137
atb-q0138
atb-q0139
atb-q0140
atb-q0141
atb-q0142
atb-q0143
atb-q0144
atb-q0145
atb-q0146
atb-q0147
atb-q0148
atb-q0149
atb-q0150
atb-q0151
atb-q0152
atb-q0153
atb-q0154
atb-q0155
atb-q0156
atb-q0157
atb-q0158
atb-q0159
atb-q0160
atb-q0161
atb-q0162
atb-q0163
atb-q0164
atb-q0165
atb-q0166
atb-q0167
atb-q0168
atb-q0169
atb-q0170
atb-q0171
atb-q0172
atb-q0173
atb-q0174
atb-q0175
atb-q0176
atb-q0177
atb-q0178
atb-q0179
atb-q0180
atb-q0181
atb-q0182
atb-q0183
atb-q0184
atb-q0185
atb-q0186
atb-q0187
atb-q0188
atb-q0189
atb-q0190
atb-q0191
atb-q0192
atb-q0193
atb-q0194
atb-q0195
atb-q0196
atb-q0197
atb-q0198
atb-q0199
atb-q0200
atb-q0201
atb-q0202
atb-q0203
atb-q0204
atb-q0205
atb-q0206
atb-q0207
atb-q0208
atb-q0209
atb-q0210
atb-q0211
atb-q0212
atb-q0213
atb-q0214
atb-q0215
atb-q0216
atb-q0217
atb-t0023
atb-t0024
atb-t0025
atb-t0026
atb-t0027
atb-t0028
atb-t0029
atb-t0030
atb-t0031
atb-t0032
atb-t0033
atb-t0034
atb-t0035
atb-t0036
atb-t0037
atb-t0038
atb-t0039
atb-t0040
atb-t0041
atb-t0042
atb-t0043
atb-t0044
atb-t0045
atb-t0046
atb-t0047
atb-t0048
atb-t0049
atb-t0050
atb-t0051
atb-t0052
atb-t0053
atb-t0054
atb-t0055
atb-t0056
atb-t0057
atb-t0058
atb-t0059
atb-t0060
atb-t0061
atb-t0062
atb-t0063
atb-t0064
atb-t0065
atb-d0010
atb-d0011
atb-d0012
atb-d0013
atb-d0014
atb-d0015
atb-d0016
atb-d0017
atb-d0018
atb-d0019
atb-d0020
atb-d0021
atb-d0022
atb-d0023
atb-d0024
atb-d0025
atb-d0026
atb-d0027
atb-d0028
atb-d0029
atb-d0030
atb-d0031
atb-d0032
atb-d0033
atb-d0034
atb-d0035
atb-d0036
atb-d0037
atb-d0038
atb-d0039
atb-d0040
atb-d0041
atb-d0042
atb-d0043
atb-d0044
atb-d0045
atb-d0046
atb-d0047
atb-d0048
atb-d0049
atb-d0050
atb-d0051
atb-d0052
atb-d0053
atb-d0054
atb-d0055
atb-d0056
atb-d0057
atb-d0058
atb-d0059
atb-d0060
atb-d0061
atb-d0062
atb-d0063
atb-d0064
atb-d0065
atb-d0066
fa-q0082
fa-q0083
fa-q0084
fa-q0085
fa-q0086
fa-q0087
fa-q0088
fa-q0089
fa-q0090
fa-q0091
fa-q0092
fa-q0093
fa-q0094
fa-q0095
fa-q0096
fa-q0097
fa-q0098
fa-q0099
fa-q0100
fa-q0101
fa-q0102
fa-q0103
fa-q0104
fa-q0105
fa-q0106
fa-q0107
fa-q0108
fa-q0109
fa-q0110
fa-q0111
fa-q0112
fa-q0113
fa-q0114
fa-q0115
fa-q0116
fa-q0117
fa-q0118
fa-q0119
fa-q0120
fa-q0121
fa-q0122
fa-q0123
fa-q0124
fa-q0125
fa-q0126
fa-q0127
fa-q0128
fa-q0129
fa-q0130
fa-q0131
fa-q0132
fa-q0133
fa-q0134
fa-q0135
fa-q0136
fa-q0137
fa-q0138
fa-q0139
fa-q0140
fa-q0141
fa-q0142
fa-q0143
fa-q0144
fa-q0145
fa-q0146
fa-q0147
fa-q0148
fa-q0149
fa-q0150
fa-q0151
fa-q0152
fa-q0153
fa-q0154
fa-q0155
fa-q0156
fa-q0157
fa-q0158
fa-q0159
fa-q0160
fa-q0161
fa-q0162
fa-q0163
fa-q0164
fa-q0165
fa-q0166
fa-q0167
fa-q0168
fa-q0169
fa-q0170
fa-q0171
fa-q0172
fa-q0173
fa-q0174
fa-q0175
fa-t0024
fa-t0025
fa-t0026
fa-t0027
fa-t0028
fa-t0029
fa-t0030
fa-t0031
fa-t0032
fa-t0033
fa-t0034
fa-t0035
fa-t0036
fa-t0037
fa-t0038
fa-t0039
fa-t0040
fa-t0041
fa-t0042
fa-t0043
fa-t0044
fa-t0045
fa-t0046
fa-t0047
fa-t0048
fa-t0049
fa-t0050
fa-t0051
fa-d0016
fa-d0017
fa-d0018
fa-d0019
fa-d0020
fa-d0021
fa-d0022
fa-d0023
fa-d0024
fa-d0025
fa-d0026
fa-d0027
fa-d0028
fa-d0029
fa-d0030
fa-d0031
fa-d0032
fa-d0033
fa-d0034
fa-d0035
fa-d0036
fa-d0037
fa-d0038
fa-d0039
fa-d0040
fa-d0041
fa-d0042
fa-d0043
fa-d0044
fa-d0045
fa-d0046
fa-d0047
fa-d0048
fa-d0049
fa-d0050
fa-d0051
fa-d0052
fa-d0053
fa-d0054
fa-d0055
fa-d0056
fa-d0057
fa-d0058
fa-d0059
sfm-q0088
sfm-q0089
sfm-q0090
sfm-q0091
sfm-q0092
sfm-q0093
sfm-q0094
sfm-q0095
sfm-q0096
sfm-q0097
sfm-q0098
sfm-q0099
sfm-q0100
sfm-q0101
sfm-q0102
sfm-q0103
sfm-q0104
sfm-q0105
sfm-q0106
sfm-q0107
sfm-q0108
sfm-q0109
sfm-q0110
sfm-q0111
sfm-q0112
sfm-q0113
sfm-q0114
sfm-q0115
sfm-q0116
sfm-q0117
sfm-q0118
sfm-q0119
sfm-q0120
sfm-q0121
sfm-q0122
sfm-q0123
sfm-q0124
sfm-q0125
sfm-q0126
sfm-q0127
sfm-q0128
sfm-q0129
sfm-q0130
sfm-q0131
sfm-q0132
sfm-q0133
sfm-q0134
sfm-q0135
sfm-q0136
sfm-q0137
sfm-q0138
sfm-q0139
sfm-q0140
sfm-q0141
sfm-q0142
sfm-q0143
sfm-q0144
sfm-q0145
sfm-q0146
sfm-q0147
sfm-q0148
sfm-q0149
sfm-q0150
sfm-q0151
sfm-q0152
sfm-q0153
sfm-q0154
sfm-q0155
sfm-q0156
sfm-q0157
sfm-q0158
sfm-q0159
sfm-q0160
sfm-q0161
sfm-q0162
sfm-q0163
sfm-q0164
sfm-q0165
sfm-q0166
sfm-q0167
sfm-q0168
sfm-q0169
sfm-q0170
sfm-q0171
sfm-q0172
sfm-q0173
sfm-q0174
sfm-q0175
sfm-q0176
sfm-q0177
sfm-q0178
sfm-q0179
sfm-q0180
sfm-q0181
sfm-q0182
sfm-q0183
sfm-q0184
sfm-q0185
sfm-q0186
sfm-q0187
sfm-q0188
sfm-q0189
sfm-q0190
sfm-q0191
sfm-q0192
sfm-q0193
sfm-q0194
sfm-q0195
sfm-q0196
sfm-q0197
sfm-q0198
sfm-q0199
sfm-q0200
sfm-q0201
sfm-q0202
sfm-q0203
sfm-q0204
sfm-q0205
sfm-q0206
sfm-q0207
sfm-q0208
sfm-q0209
sfm-q0210
sfm-q0211
sfm-q0212
sfm-q0213
sfm-q0214
sfm-q0215
sfm-q0216
sfm-q0217
sfm-q0218
sfm-q0219
sfm-q0220
sfm-q0221
sfm-q0222
sfm-q0223
sfm-q0224
sfm-q0225
sfm-q0226
sfm-q0227
sfm-q0228
sfm-q0229
sfm-q0230
sfm-q0231
sfm-q0232
sfm-q0233
sfm-q0234
sfm-q0235
sfm-q0236
sfm-q0237
sfm-q0238
sfm-q0239
sfm-q0240
sfm-q0241
sfm-q0242
sfm-q0243
sfm-t0024
sfm-t0025
sfm-t0026
sfm-t0027
sfm-t0028
sfm-t0029
sfm-t0030
sfm-t0031
sfm-t0032
sfm-t0033
sfm-t0034
sfm-t0035
sfm-t0036
sfm-t0037
sfm-t0038
sfm-t0039
sfm-t0040
sfm-t0041
sfm-t0042
sfm-t0043
sfm-t0044
sfm-t0045
sfm-t0046
sfm-t0047
sfm-t0048
sfm-t0049
sfm-t0050
sfm-t0051
sfm-t0052
sfm-t0053
sfm-t0054
sfm-t0055
sfm-t0056
sfm-t0057
sfm-t0058
sfm-t0059
sfm-t0060
sfm-t0061
sfm-t0062
sfm-t0063
sfm-t0064
sfm-t0065
sfm-t0066
sfm-t0067
sfm-t0068
sfm-t0069
sfm-t0070
sfm-t0071
sfm-t0072
sfm-t0073
sfm-t0074
sfm-t0075
sfm-d0010
sfm-d0011
sfm-d0012
sfm-d0013
sfm-d0014
sfm-d0015
sfm-d0016
sfm-d0017
sfm-d0018
sfm-d0019
sfm-d0020
sfm-d0021
sfm-d0022
sfm-d0023
sfm-d0024
sfm-d0025
sfm-d0026
sfm-d0027
sfm-d0028
sfm-d0029
sfm-d0030
sfm-d0031
sfm-d0032
sfm-d0033
sfm-d0034
sfm-d0035
sfm-d0036
sfm-d0037
sfm-d0038
sfm-d0039
sfm-d0040
sfm-d0041
sfm-d0042
sfm-d0043
sfm-d0044
sfm-d0045
sfm-d0046
sfm-d0047
sfm-d0048
sfm-d0049
sfm-d0050
sfm-d0051
sfm-d0052
sfm-d0053
sfm-d0054
sfm-d0055
sfm-d0056
sfm-d0057
sfm-d0058
sfm-d0059
sfm-d0060
sfm-d0061
sfm-d0062
sfm-d0063
sfm-d0064
sfm-d0065
sfm-d0066
sfm-d0067
sfm-d0068
sfm-d0069
sfm-d0070
sfm-d0071
sfm-d0072
sfm-d0073
sfm-d0074
sfm-d0075
sfm-d0076
sfm-d0077
sfm-d0078
sfm-d0079
sfm-d0080
sfm-d0081
sfm-d0082
sfm-d0083
sfm-d0084
pom-q0080
pom-q0081
pom-q0082
pom-q0083
pom-q0084
pom-q0085
pom-q0086
pom-q0087
pom-q0088
pom-q0089
pom-q0090
pom-q0091
pom-q0092
pom-q0093
pom-q0094
pom-q0095
pom-q0096
pom-q0097
pom-q0098
pom-q0099
pom-q0100
pom-q0101
pom-q0102
pom-q0103
pom-q0104
pom-q0105
pom-q0106
pom-q0107
pom-q0108
pom-q0109
pom-q0110
pom-q0111
pom-q0112
pom-q0113
pom-q0114
pom-q0115
pom-q0116
pom-q0117
pom-q0118
pom-q0119
pom-q0120
pom-q0121
pom-q0122
pom-q0123
pom-q0124
pom-q0125
pom-q0126
pom-q0127
pom-q0128
pom-q0129
pom-q0130
pom-q0131
pom-q0132
pom-q0133
pom-q0134
pom-q0135
pom-q0136
pom-q0137
pom-q0138
pom-q0139
pom-q0140
pom-q0141
pom-q0142
pom-q0143
pom-q0144
pom-q0145
pom-q0146
pom-q0147
pom-q0148
pom-q0149
pom-q0150
pom-q0151
pom-q0152
pom-q0153
pom-q0154
pom-q0155
pom-q0156
pom-q0157
pom-q0158
pom-q0159
pom-q0160
pom-q0161
pom-q0162
pom-q0163
pom-q0164
pom-q0165
pom-q0166
pom-q0167
pom-q0168
pom-q0169
pom-q0170
pom-q0171
pom-q0172
pom-q0173
pom-q0174
pom-q0175
pom-q0176
pom-q0177
pom-q0178
pom-q0179
pom-q0180
pom-q0181
pom-q0182
pom-q0183
pom-q0184
pom-q0185
pom-q0186
pom-q0187
pom-q0188
pom-q0189
pom-q0190
pom-q0191
pom-q0192
pom-q0193
pom-q0194
pom-q0195
pom-q0196
pom-t0024
pom-t0025
pom-t0026
pom-t0027
pom-t0028
pom-t0029
pom-t0030
pom-t0031
pom-t0032
pom-t0033
pom-t0034
pom-t0035
pom-t0036
pom-t0037
pom-t0038
pom-t0039
pom-t0040
pom-t0041
pom-t0042
pom-t0043
pom-t0044
pom-t0045
pom-t0046
pom-t0047
pom-t0048
pom-t0049
pom-t0050
pom-t0051
pom-t0052
pom-t0053
pom-t0054
pom-t0055
pom-t0056
pom-t0057
pom-t0058
pom-t0059
pom-t0060
pom-d0015
pom-d0016
pom-d0017
pom-d0018
pom-d0019
pom-d0020
pom-d0021
pom-d0022
pom-d0023
pom-d0024
pom-d0025
pom-d0026
pom-d0027
pom-d0028
pom-d0029
pom-d0030
pom-d0031
pom-d0032
pom-d0033
pom-d0034
pom-d0035
pom-d0036
pom-d0037
pom-d0038
pom-d0039
pom-d0040
pom-d0041
pom-d0042
pom-d0043
pom-d0044
pom-d0045
pom-d0046
pom-d0047
pom-d0048
pom-d0049
pom-d0050
pom-d0051
pom-d0052
pom-d0053
pom-d0054
pom-d0055
pom-d0056
pom-d0057
pom-d0058
pom-d0059
pom-d0060
pom-d0061
pom-d0062
pom-d0063
pom-d0064
pom-d0065
pom-d0066
pom-d0067
pom-d0068
pom-d0069
foc-q0220
foc-q0221
foc-q0222
foc-q0223
foc-q0224
foc-q0225
foc-q0226
foc-q0227
foc-q0228
foc-q0229
foc-q0230
foc-q0231
foc-q0232
foc-q0233
foc-q0234
foc-q0235
foc-q0236
foc-q0237
foc-q0238
foc-q0239
foc-q0240
foc-q0241
foc-q0242
foc-q0243
foc-q0244
foc-q0245
foc-q0246
foc-q0247
foc-q0248
foc-q0249
foc-q0250
foc-q0251
foc-q0252
foc-q0253
foc-q0254
foc-q0255
foc-q0256
foc-q0257
foc-q0258
foc-q0259
foc-q0260
foc-q0261
foc-q0262
foc-q0263
foc-q0264
foc-q0265
foc-q0266
foc-q0267
foc-q0268
foc-q0269
foc-q0270
foc-q0271
foc-q0272
foc-q0273
foc-q0274
foc-q0275
foc-q0276
foc-q0277
foc-q0278
foc-q0279
foc-q0280
foc-q0281
foc-q0282
foc-q0283
foc-q0284
foc-q0285
foc-q0286
foc-q0287
foc-q0288
foc-q0289
foc-q0290
foc-q0291
foc-q0292
foc-q0293
foc-q0294
foc-q0295
foc-q0296
foc-t0049
foc-t0050
foc-t0051
foc-t0052
foc-t0053
foc-t0054
foc-t0055
foc-t0056
foc-t0057
foc-t0058
foc-t0059
foc-t0060
foc-t0061
foc-t0062
foc-t0063
foc-t0064
foc-t0065
foc-t0066
foc-t0067
foc-t0068
foc-t0069
foc-t0070
foc-t0071
foc-t0072
foc-t0073
foc-d0056
foc-d0057
foc-d0058
foc-d0059
foc-d0060
foc-d0061
foc-d0062
foc-d0063
foc-d0064
foc-d0065
foc-d0066
foc-d0067
foc-d0068
foc-d0069
foc-d0070
foc-d0071
foc-d0072
foc-d0073
foc-d0074
foc-d0075
foc-d0076
foc-d0077
foc-d0078
ebh-q0235
ebh-q0236
ebh-q0237
ebh-q0238
ebh-q0239
ebh-q0240
ebh-q0241
ebh-q0242
ebh-q0243
ebh-q0244
ebh-q0245
ebh-q0246
ebh-q0247
ebh-q0248
ebh-q0249
ebh-q0250
ebh-q0251
ebh-q0252
ebh-q0253
ebh-q0254
ebh-q0255
ebh-q0256
ebh-q0257
ebh-q0258
ebh-q0259
ebh-q0260
ebh-q0261
ebh-q0262
ebh-q0263
ebh-q0264
ebh-q0265
ebh-q0266
ebh-q0267
ebh-q0268
ebh-q0269
ebh-q0270
ebh-q0271
ebh-q0272
ebh-q0273
ebh-q0274
ebh-q0275
ebh-q0276
ebh-q0277
ebh-q0278
ebh-q0279
ebh-q0280
ebh-q0281
ebh-q0282
ebh-q0283
ebh-q0284
ebh-q0285
ebh-q0286
ebh-q0287
ebh-q0288
ebh-q0289
ebh-q0290
ebh-q0291
ebh-q0292
ebh-q0293
ebh-q0294
ebh-q0295
ebh-q0296
ebh-q0297
ebh-q0298
ebh-q0299
ebh-q0300
ebh-q0301
ebh-q0302
ebh-q0303
ebh-q0304
ebh-q0305
ebh-q0306
ebh-q0307
ebh-q0308
ebh-q0309
ebh-q0310
ebh-q0311
ebh-q0312
ebh-q0313
ebh-q0314
ebh-q0315
ebh-q0316
ebh-q0317
ebh-q0318
ebh-t0053
ebh-t0054
ebh-t0055
ebh-t0056
ebh-t0057
ebh-t0058
ebh-t0059
ebh-t0060
ebh-t0061
ebh-t0062
ebh-t0063
ebh-t0064
ebh-t0065
ebh-t0066
ebh-t0067
ebh-t0068
ebh-t0069
ebh-t0070
ebh-t0071
ebh-t0072
ebh-t0073
ebh-t0074
ebh-t0075
ebh-t0076
ebh-t0077
ebh-t0078
ebh-t0079
ebh-d0059
ebh-d0060
ebh-d0061
ebh-d0062
ebh-d0063
ebh-d0064
ebh-d0065
ebh-d0066
ebh-d0067
ebh-d0068
ebh-d0069
ebh-d0070
ebh-d0071
ebh-d0072
ebh-d0073
ebh-d0074
ebh-d0075
ebh-d0076
ebh-d0077
ebh-d0078
ebh-d0079
ebh-d0080
ebh-d0081
ebh-d0082
ebh-d0083
ebh-d0084
ebh-d0085
ebh-d0086
ebh-d0087
ebh-d0088
ebh-d0089
ebh-d0090
ebh-d0091
atb-q0218
atb-q0219
atb-q0220
atb-q0221
atb-q0222
atb-q0223
atb-q0224
atb-q0225
atb-q0226
atb-q0227
atb-q0228
atb-q0229
atb-q0230
atb-q0231
atb-q0232
atb-q0233
atb-q0234
atb-q0235
atb-q0236
atb-q0237
atb-q0238
atb-q0239
atb-q0240
atb-q0241
atb-q0242
atb-q0243
atb-q0244
atb-q0245
atb-q0246
atb-q0247
atb-q0248
atb-q0249
atb-q0250
atb-q0251
atb-q0252
atb-q0253
atb-q0254
atb-q0255
atb-q0256
atb-q0257
atb-q0258
atb-q0259
atb-q0260
atb-q0261
atb-q0262
atb-q0263
atb-q0264
atb-q0265
atb-q0266
atb-q0267
atb-q0268
atb-q0269
atb-q0270
atb-q0271
atb-q0272
atb-q0273
atb-q0274
atb-q0275
atb-q0276
atb-q0277
atb-q0278
atb-q0279
atb-q0280
atb-q0281
atb-q0282
atb-q0283
atb-q0284
atb-q0285
atb-q0286
atb-q0287
atb-q0288
atb-q0289
atb-q0290
atb-q0291
atb-q0292
atb-q0293
atb-q0294
atb-q0295
atb-q0296
atb-q0297
atb-q0298
atb-q0299
atb-q0300
atb-q0301
atb-q0302
atb-q0303
atb-q0304
atb-q0305
atb-q0306
atb-q0307
atb-q0308
atb-q0309
atb-q0310
atb-q0311
atb-q0312
atb-q0313
atb-q0314
atb-q0315
atb-q0316
atb-q0317
atb-q0318
atb-q0319
atb-q0320
atb-q0321
atb-q0322
atb-q0323
atb-q0324
atb-q0325
atb-q0326
atb-q0327
atb-q0328
atb-q0329
atb-q0330
atb-q0331
atb-q0332
atb-q0333
atb-q0334
atb-q0335
atb-q0336
atb-q0337
atb-q0338
atb-q0339
atb-q0340
atb-q0341
atb-q0342
atb-q0343
atb-q0344
atb-q0345
atb-q0346
atb-q0347
atb-q0348
atb-q0349
atb-q0350
atb-q0351
atb-q0352
atb-q0353
atb-q0354
atb-q0355
atb-q0356
atb-q0357
atb-q0358
atb-t0066
atb-t0067
atb-t0068
atb-t0069
atb-t0070
atb-t0071
atb-t0072
atb-t0073
atb-t0074
atb-t0075
atb-t0076
atb-t0077
atb-t0078
atb-t0079
atb-t0080
atb-t0081
atb-t0082
atb-t0083
atb-t0084
atb-t0085
atb-t0086
atb-t0087
atb-t0088
atb-t0089
atb-t0090
atb-t0091
atb-t0092
atb-t0093
atb-t0094
atb-t0095
atb-t0096
atb-t0097
atb-t0098
atb-t0099
atb-t0100
atb-t0101
atb-t0102
atb-t0103
atb-t0104
atb-t0105
atb-t0106
atb-t0107
atb-d0067
atb-d0068
atb-d0069
atb-d0070
atb-d0071
atb-d0072
atb-d0073
atb-d0074
atb-d0075
atb-d0076
atb-d0077
atb-d0078
atb-d0079
atb-d0080
atb-d0081
atb-d0082
atb-d0083
atb-d0084
atb-d0085
atb-d0086
atb-d0087
atb-d0088
atb-d0089
atb-d0090
atb-d0091
atb-d0092
atb-d0093
atb-d0094
atb-d0095
atb-d0096
atb-d0097
atb-d0098
atb-d0099
atb-d0100
atb-d0101
atb-d0102
atb-d0103
fa-q0176
fa-q0177
fa-q0178
fa-q0179
fa-q0180
fa-q0181
fa-q0182
fa-q0183
fa-q0184
fa-q0185
fa-q0186
fa-q0187
fa-q0188
fa-q0189
fa-q0190
fa-q0191
fa-q0192
fa-q0193
fa-q0194
fa-q0195
fa-q0196
fa-q0197
fa-q0198
fa-q0199
fa-q0200
fa-q0201
fa-q0202
fa-q0203
fa-q0204
fa-q0205
fa-q0206
fa-q0207
fa-q0208
fa-q0209
fa-q0210
fa-q0211
fa-q0212
fa-q0213
fa-q0214
fa-q0215
fa-q0216
fa-q0217
fa-q0218
fa-q0219
fa-q0220
fa-q0221
fa-q0222
fa-q0223
fa-q0224
fa-q0225
fa-q0226
fa-q0227
fa-q0228
fa-q0229
fa-q0230
fa-q0231
fa-q0232
fa-q0233
fa-q0234
fa-q0235
fa-q0236
fa-q0237
fa-q0238
fa-q0239
fa-q0240
fa-q0241
fa-q0242
fa-q0243
fa-q0244
fa-q0245
fa-q0246
fa-q0247
fa-q0248
fa-q0249
fa-q0250
fa-q0251
fa-q0252
fa-q0253
fa-q0254
fa-q0255
fa-q0256
fa-q0257
fa-q0258
fa-q0259
fa-q0260
fa-q0261
fa-q0262
fa-q0263
fa-q0264
fa-q0265
fa-t0052
fa-t0053
fa-t0054
fa-t0055
fa-t0056
fa-t0057
fa-t0058
fa-t0059
fa-t0060
fa-t0061
fa-t0062
fa-t0063
fa-t0064
fa-t0065
fa-t0066
fa-t0067
fa-t0068
fa-t0069
fa-t0070
fa-t0071
fa-t0072
fa-t0073
fa-t0074
fa-t0075
fa-t0076
fa-t0077
fa-t0078
fa-t0079
fa-t0080
fa-t0081
fa-d0060
fa-d0061
fa-d0062
fa-d0063
fa-d0064
fa-d0065
fa-d0066
fa-d0067
fa-d0068
fa-d0069
fa-d0070
fa-d0071
fa-d0072
fa-d0073
fa-d0074
fa-d0075
fa-d0076
fa-d0077
fa-d0078
fa-d0079
fa-d0080
fa-d0081
fa-d0082
fa-d0083
fa-d0084
fa-d0085
fa-d0086
fa-d0087
fa-d0088
fa-d0089
sfm-q0244
sfm-q0245
sfm-q0246
sfm-q0247
sfm-q0248
sfm-q0249
sfm-q0250
sfm-q0251
sfm-q0252
sfm-q0253
sfm-q0254
sfm-q0255
sfm-q0256
sfm-q0257
sfm-q0258
sfm-q0259
sfm-q0260
sfm-q0261
sfm-q0262
sfm-q0263
sfm-q0264
sfm-q0265
sfm-q0266
sfm-q0267
sfm-q0268
sfm-q0269
sfm-q0270
sfm-q0271
sfm-q0272
sfm-q0273
sfm-q0274
sfm-q0275
sfm-q0276
sfm-q0277
sfm-q0278
sfm-q0279
sfm-q0280
sfm-q0281
sfm-q0282
sfm-q0283
sfm-q0284
sfm-q0285
sfm-q0286
sfm-q0287
sfm-q0288
sfm-q0289
sfm-q0290
sfm-q0291
sfm-q0292
sfm-q0293
sfm-q0294
sfm-q0295
sfm-q0296
sfm-q0297
sfm-q0298
sfm-q0299
sfm-q0300
sfm-q0301
sfm-q0302
sfm-q0303
sfm-q0304
sfm-q0305
sfm-q0306
sfm-q0307
sfm-q0308
sfm-q0309
sfm-q0310
sfm-q0311
sfm-q0312
sfm-q0313
sfm-q0314
sfm-q0315
sfm-q0316
sfm-q0317
sfm-q0318
sfm-q0319
sfm-q0320
sfm-q0321
sfm-q0322
sfm-q0323
sfm-q0324
sfm-q0325
sfm-q0326
sfm-q0327
sfm-q0328
sfm-q0329
sfm-q0330
sfm-q0331
sfm-q0332
sfm-q0333
sfm-q0334
sfm-q0335
sfm-q0336
sfm-q0337
sfm-q0338
sfm-q0339
sfm-q0340
sfm-q0341
sfm-q0342
sfm-q0343
sfm-q0344
sfm-q0345
sfm-q0346
sfm-q0347
sfm-q0348
sfm-q0349
sfm-q0350
sfm-q0351
sfm-q0352
sfm-q0353
sfm-q0354
sfm-q0355
sfm-q0356
sfm-t0076
sfm-t0077
sfm-t0078
sfm-t0079
sfm-t0080
sfm-t0081
sfm-t0082
sfm-t0083
sfm-t0084
sfm-t0085
sfm-t0086
sfm-t0087
sfm-t0088
sfm-t0089
sfm-t0090
sfm-t0091
sfm-t0092
sfm-t0093
sfm-t0094
sfm-t0095
sfm-t0096
sfm-t0097
sfm-t0098
sfm-t0099
sfm-t0100
sfm-t0101
sfm-t0102
sfm-t0103
sfm-t0104
sfm-t0105
sfm-t0106
sfm-d0085
sfm-d0086
sfm-d0087
sfm-d0088
sfm-d0089
sfm-d0090
sfm-d0091
sfm-d0092
sfm-d0093
sfm-d0094
sfm-d0095
sfm-d0096
sfm-d0097
sfm-d0098
sfm-d0099
sfm-d0100
sfm-d0101
sfm-d0102
sfm-d0103
sfm-d0104
sfm-d0105
sfm-d0106
sfm-d0107
pom-q0197
pom-q0198
pom-q0199
pom-q0200
pom-q0201
pom-q0202
pom-q0203
pom-q0204
pom-q0205
pom-q0206
pom-q0207
pom-q0208
pom-q0209
pom-q0210
pom-q0211
pom-q0212
pom-q0213
pom-q0214
pom-q0215
pom-q0216
pom-q0217
pom-q0218
pom-q0219
pom-q0220
pom-q0221
pom-q0222
pom-q0223
pom-q0224
pom-q0225
pom-q0226
pom-q0227
pom-q0228
pom-q0229
pom-q0230
pom-q0231
pom-q0232
pom-q0233
pom-q0234
pom-q0235
pom-q0236
pom-q0237
pom-q0238
pom-q0239
pom-q0240
pom-q0241
pom-q0242
pom-q0243
pom-q0244
pom-q0245
pom-q0246
pom-q0247
pom-q0248
pom-q0249
pom-q0250
pom-q0251
pom-q0252
pom-q0253
pom-q0254
pom-t0061
pom-t0062
pom-t0063
pom-t0064
pom-t0065
pom-t0066
pom-t0067
pom-t0068
pom-t0069
pom-t0070
pom-t0071
pom-t0072
pom-t0073
pom-t0074
pom-t0075
pom-t0076
pom-t0077
pom-t0078
pom-d0070
pom-d0071
pom-d0072
pom-d0073
pom-d0074
pom-d0075
pom-d0076
pom-d0077
pom-d0078
pom-d0079
pom-d0080
pom-d0081
pom-d0082
pom-d0083
pom-d0084
pom-d0085
pom-d0086
pom-d0087
ebh-q0319
ebh-q0320
ebh-q0321
ebh-q0322
ebh-q0323
ebh-q0324
ebh-q0325
ebh-q0326
ebh-q0327
ebh-q0328
ebh-q0329
ebh-t0080
ebh-t0081
atb-q0359
atb-q0360
atb-q0361
atb-q0362
atb-t0108
atb-t0109
atb-t0110
atb-d0104
sfm-q0357
sfm-q0358
sfm-q0359
sfm-q0360
sfm-q0361
sfm-q0362
sfm-q0363
sfm-q0364
sfm-q0365
sfm-q0366
sfm-q0367
sfm-q0368
sfm-t0107
sfm-t0108
sfm-t0109
sfm-t0110
sfm-t0111
sfm-t0112
sfm-t0113
sfm-d0108
pom-q0255
pom-q0256
pom-q0257
pom-q0258
pom-q0259
pom-q0260
pom-q0261
pom-q0262
pom-q0263
pom-q0264
pom-t0079
pom-t0080
pom-t0081
pom-t0082
pom-d0088
pom-d0089
pom-d0090
pom-d0091
sfm-q0369
sfm-q0370
sfm-q0371
sfm-q0372
sfm-q0373
sfm-q0374
sfm-q0375
sfm-q0376
sfm-q0377
sfm-q0378
sfm-q0379
sfm-q0380
sfm-q0381
sfm-q0382
sfm-q0383
sfm-q0384
sfm-q0385
sfm-q0386
sfm-q0387
sfm-q0388
sfm-q0389
sfm-q0390
sfm-q0391
sfm-q0392
sfm-q0393
sfm-q0394
sfm-q0395
sfm-q0396
sfm-q0397
sfm-q0398
sfm-q0399
sfm-q0400
sfm-q0401
sfm-q0402
sfm-q0403
sfm-q0404
sfm-q0405
sfm-q0406
sfm-q0407
sfm-q0408
sfm-q0409
sfm-q0410
sfm-q0411
sfm-q0412
sfm-q0413
sfm-q0414
sfm-q0415
sfm-q0416
sfm-q0417
sfm-q0418
sfm-q0419
sfm-q0420
sfm-q0421
sfm-q0422
sfm-q0423
sfm-q0424
sfm-q0425
sfm-q0426
sfm-q0427
sfm-q0428
sfm-q0429
sfm-q0430
sfm-q0431
sfm-q0432
sfm-q0433
sfm-q0434
sfm-q0435
sfm-q0436
sfm-t0114
sfm-t0115
sfm-t0116
sfm-t0117
sfm-t0118
sfm-t0119
sfm-t0120
sfm-t0121
sfm-t0122
sfm-t0123
sfm-t0124
sfm-t0125
sfm-t0126
sfm-t0127
sfm-t0128
sfm-t0129
sfm-t0130
sfm-t0131
sfm-t0132
sfm-t0133
sfm-t0134
sfm-t0135
sfm-t0136
sfm-t0137
sfm-t0138
sfm-t0139
sfm-t0140
sfm-t0141
sfm-d0109
sfm-d0110
sfm-d0111
sfm-d0112
sfm-d0113
sfm-d0114
sfm-d0115
